
Microsoft Visual Studio Solution File, Format Version 12.00
# Visual Studio 15
VisualStudioVersion = 15.0.27130.0
MinimumVisualStudioVersion = 10.0.40219.1
Project("{2150E333-8FDC-42A3-9474-1A3956D46DE8}") = "Engine", "Engine", "{E3D63332-C9E0-43E7-9714-EFDBE0641860}"
EndProject
Project("{2150E333-8FDC-42A3-9474-1A3956D46DE8}") = "Games", "Games", "{C5E03363-B9EC-4992-951B-56958A4E1BFC}"
EndProject
Project("{8BC9CEB8-8B4A-11D0-8D11-00A0C91BC942}") = "UE4", "Intermediate\ProjectFiles\UE4.vcxproj", "{E5734392-5BCB-4793-9F51-1027D0D52E5F}"
EndProject
Project("{8BC9CEB8-8B4A-11D0-8D11-00A0C91BC942}") = "BuildingEscape", "Intermediate\ProjectFiles\BuildingEscape.vcxproj", "{BF5BC8DD-C069-4579-B86F-4D8260FCB681}"
EndProject
Global
	GlobalSection(SolutionConfigurationPlatforms) = preSolution
		DebugGame Editor|HTML5 = DebugGame Editor|HTML5
		DebugGame Editor|IOS = DebugGame Editor|IOS
		DebugGame Editor|Win32 = DebugGame Editor|Win32
		DebugGame Editor|Win64 = DebugGame Editor|Win64
		DebugGame|HTML5 = DebugGame|HTML5
		DebugGame|IOS = DebugGame|IOS
		DebugGame|Win32 = DebugGame|Win32
		DebugGame|Win64 = DebugGame|Win64
		Development Editor|HTML5 = Development Editor|HTML5
		Development Editor|IOS = Development Editor|IOS
		Development Editor|Win32 = Development Editor|Win32
		Development Editor|Win64 = Development Editor|Win64
		Development|HTML5 = Development|HTML5
		Development|IOS = Development|IOS
		Development|Win32 = Development|Win32
		Development|Win64 = Development|Win64
		Shipping|HTML5 = Shipping|HTML5
		Shipping|IOS = Shipping|IOS
		Shipping|Win32 = Shipping|Win32
		Shipping|Win64 = Shipping|Win64
	EndGlobalSection
	GlobalSection(ProjectConfigurationPlatforms) = postSolution
		{E5734392-5BCB-4793-9F51-1027D0D52E5F}.DebugGame Editor|HTML5.ActiveCfg = BuiltWithUnrealBuildTool|Win32
		{E5734392-5BCB-4793-9F51-1027D0D52E5F}.DebugGame Editor|HTML5.Build.0 = BuiltWithUnrealBuildTool|Win32
		{E5734392-5BCB-4793-9F51-1027D0D52E5F}.DebugGame Editor|IOS.ActiveCfg = BuiltWithUnrealBuildTool|Win32
		{E5734392-5BCB-4793-9F51-1027D0D52E5F}.DebugGame Editor|IOS.Build.0 = BuiltWithUnrealBuildTool|Win32
		{E5734392-5BCB-4793-9F51-1027D0D52E5F}.DebugGame Editor|Win32.ActiveCfg = BuiltWithUnrealBuildTool|Win32
		{E5734392-5BCB-4793-9F51-1027D0D52E5F}.DebugGame Editor|Win32.Build.0 = BuiltWithUnrealBuildTool|Win32
		{E5734392-5BCB-4793-9F51-1027D0D52E5F}.DebugGame Editor|Win64.ActiveCfg = BuiltWithUnrealBuildTool|Win32
		{E5734392-5BCB-4793-9F51-1027D0D52E5F}.DebugGame Editor|Win64.Build.0 = BuiltWithUnrealBuildTool|Win32
		{E5734392-5BCB-4793-9F51-1027D0D52E5F}.DebugGame|HTML5.ActiveCfg = BuiltWithUnrealBuildTool|Win32
		{E5734392-5BCB-4793-9F51-1027D0D52E5F}.DebugGame|HTML5.Build.0 = BuiltWithUnrealBuildTool|Win32
		{E5734392-5BCB-4793-9F51-1027D0D52E5F}.DebugGame|IOS.ActiveCfg = BuiltWithUnrealBuildTool|Win32
		{E5734392-5BCB-4793-9F51-1027D0D52E5F}.DebugGame|IOS.Build.0 = BuiltWithUnrealBuildTool|Win32
		{E5734392-5BCB-4793-9F51-1027D0D52E5F}.DebugGame|Win32.ActiveCfg = BuiltWithUnrealBuildTool|Win32
		{E5734392-5BCB-4793-9F51-1027D0D52E5F}.DebugGame|Win32.Build.0 = BuiltWithUnrealBuildTool|Win32
		{E5734392-5BCB-4793-9F51-1027D0D52E5F}.DebugGame|Win64.ActiveCfg = BuiltWithUnrealBuildTool|Win32
		{E5734392-5BCB-4793-9F51-1027D0D52E5F}.DebugGame|Win64.Build.0 = BuiltWithUnrealBuildTool|Win32
		{E5734392-5BCB-4793-9F51-1027D0D52E5F}.Development Editor|HTML5.ActiveCfg = BuiltWithUnrealBuildTool|Win32
		{E5734392-5BCB-4793-9F51-1027D0D52E5F}.Development Editor|HTML5.Build.0 = BuiltWithUnrealBuildTool|Win32
		{E5734392-5BCB-4793-9F51-1027D0D52E5F}.Development Editor|IOS.ActiveCfg = BuiltWithUnrealBuildTool|Win32
		{E5734392-5BCB-4793-9F51-1027D0D52E5F}.Development Editor|IOS.Build.0 = BuiltWithUnrealBuildTool|Win32
		{E5734392-5BCB-4793-9F51-1027D0D52E5F}.Development Editor|Win32.ActiveCfg = BuiltWithUnrealBuildTool|Win32
		{E5734392-5BCB-4793-9F51-1027D0D52E5F}.Development Editor|Win32.Build.0 = BuiltWithUnrealBuildTool|Win32
		{E5734392-5BCB-4793-9F51-1027D0D52E5F}.Development Editor|Win64.ActiveCfg = BuiltWithUnrealBuildTool|Win32
		{E5734392-5BCB-4793-9F51-1027D0D52E5F}.Development Editor|Win64.Build.0 = BuiltWithUnrealBuildTool|Win32
		{E5734392-5BCB-4793-9F51-1027D0D52E5F}.Development|HTML5.ActiveCfg = BuiltWithUnrealBuildTool|Win32
		{E5734392-5BCB-4793-9F51-1027D0D52E5F}.Development|HTML5.Build.0 = BuiltWithUnrealBuildTool|Win32
		{E5734392-5BCB-4793-9F51-1027D0D52E5F}.Development|IOS.ActiveCfg = BuiltWithUnrealBuildTool|Win32
		{E5734392-5BCB-4793-9F51-1027D0D52E5F}.Development|IOS.Build.0 = BuiltWithUnrealBuildTool|Win32
		{E5734392-5BCB-4793-9F51-1027D0D52E5F}.Development|Win32.ActiveCfg = BuiltWithUnrealBuildTool|Win32
		{E5734392-5BCB-4793-9F51-1027D0D52E5F}.Development|Win32.Build.0 = BuiltWithUnrealBuildTool|Win32
		{E5734392-5BCB-4793-9F51-1027D0D52E5F}.Development|Win64.ActiveCfg = BuiltWithUnrealBuildTool|Win32
		{E5734392-5BCB-4793-9F51-1027D0D52E5F}.Development|Win64.Build.0 = BuiltWithUnrealBuildTool|Win32
		{E5734392-5BCB-4793-9F51-1027D0D52E5F}.Shipping|HTML5.ActiveCfg = BuiltWithUnrealBuildTool|Win32
		{E5734392-5BCB-4793-9F51-1027D0D52E5F}.Shipping|HTML5.Build.0 = BuiltWithUnrealBuildTool|Win32
		{E5734392-5BCB-4793-9F51-1027D0D52E5F}.Shipping|IOS.ActiveCfg = BuiltWithUnrealBuildTool|Win32
		{E5734392-5BCB-4793-9F51-1027D0D52E5F}.Shipping|IOS.Build.0 = BuiltWithUnrealBuildTool|Win32
		{E5734392-5BCB-4793-9F51-1027D0D52E5F}.Shipping|Win32.ActiveCfg = BuiltWithUnrealBuildTool|Win32
		{E5734392-5BCB-4793-9F51-1027D0D52E5F}.Shipping|Win32.Build.0 = BuiltWithUnrealBuildTool|Win32
		{E5734392-5BCB-4793-9F51-1027D0D52E5F}.Shipping|Win64.ActiveCfg = BuiltWithUnrealBuildTool|Win32
		{E5734392-5BCB-4793-9F51-1027D0D52E5F}.Shipping|Win64.Build.0 = BuiltWithUnrealBuildTool|Win32
		{BF5BC8DD-C069-4579-B86F-4D8260FCB681}.DebugGame Editor|HTML5.ActiveCfg = HTML5_DebugGame_Editor|Win32
		{BF5BC8DD-C069-4579-B86F-4D8260FCB681}.DebugGame Editor|IOS.ActiveCfg = IOS_DebugGame_Editor|Win32
		{BF5BC8DD-C069-4579-B86F-4D8260FCB681}.DebugGame Editor|Win32.ActiveCfg = DebugGame_Editor|Win32
		{BF5BC8DD-C069-4579-B86F-4D8260FCB681}.DebugGame Editor|Win64.ActiveCfg = DebugGame_Editor|x64
		{BF5BC8DD-C069-4579-B86F-4D8260FCB681}.DebugGame Editor|Win64.Build.0 = DebugGame_Editor|x64
		{BF5BC8DD-C069-4579-B86F-4D8260FCB681}.DebugGame|HTML5.ActiveCfg = HTML5_DebugGame_Game|Win32
		{BF5BC8DD-C069-4579-B86F-4D8260FCB681}.DebugGame|HTML5.Build.0 = HTML5_DebugGame_Game|Win32
		{BF5BC8DD-C069-4579-B86F-4D8260FCB681}.DebugGame|IOS.ActiveCfg = IOS_DebugGame_Game|Win32
		{BF5BC8DD-C069-4579-B86F-4D8260FCB681}.DebugGame|IOS.Build.0 = IOS_DebugGame_Game|Win32
		{BF5BC8DD-C069-4579-B86F-4D8260FCB681}.DebugGame|Win32.ActiveCfg = DebugGame_Game|Win32
		{BF5BC8DD-C069-4579-B86F-4D8260FCB681}.DebugGame|Win32.Build.0 = DebugGame_Game|Win32
		{BF5BC8DD-C069-4579-B86F-4D8260FCB681}.DebugGame|Win64.ActiveCfg = DebugGame_Game|x64
		{BF5BC8DD-C069-4579-B86F-4D8260FCB681}.DebugGame|Win64.Build.0 = DebugGame_Game|x64
		{BF5BC8DD-C069-4579-B86F-4D8260FCB681}.Development Editor|HTML5.ActiveCfg = HTML5_Development_Editor|Win32
		{BF5BC8DD-C069-4579-B86F-4D8260FCB681}.Development Editor|IOS.ActiveCfg = IOS_Development_Editor|Win32
		{BF5BC8DD-C069-4579-B86F-4D8260FCB681}.Development Editor|Win32.ActiveCfg = Development_Editor|Win32
		{BF5BC8DD-C069-4579-B86F-4D8260FCB681}.Development Editor|Win64.ActiveCfg = Development_Editor|x64
		{BF5BC8DD-C069-4579-B86F-4D8260FCB681}.Development Editor|Win64.Build.0 = Development_Editor|x64
		{BF5BC8DD-C069-4579-B86F-4D8260FCB681}.Development|HTML5.ActiveCfg = HTML5_Development_Game|Win32
		{BF5BC8DD-C069-4579-B86F-4D8260FCB681}.Development|HTML5.Build.0 = HTML5_Development_Game|Win32
		{BF5BC8DD-C069-4579-B86F-4D8260FCB681}.Development|IOS.ActiveCfg = IOS_Development_Game|Win32
		{BF5BC8DD-C069-4579-B86F-4D8260FCB681}.Development|IOS.Build.0 = IOS_Development_Game|Win32
		{BF5BC8DD-C069-4579-B86F-4D8260FCB681}.Development|Win32.ActiveCfg = Development_Game|Win32
		{BF5BC8DD-C069-4579-B86F-4D8260FCB681}.Development|Win32.Build.0 = Development_Game|Win32
		{BF5BC8DD-C069-4579-B86F-4D8260FCB681}.Development|Win64.ActiveCfg = Development_Game|x64
		{BF5BC8DD-C069-4579-B86F-4D8260FCB681}.Development|Win64.Build.0 = Development_Game|x64
		{BF5BC8DD-C069-4579-B86F-4D8260FCB681}.Shipping|HTML5.ActiveCfg = HTML5_Shipping_Game|Win32
		{BF5BC8DD-C069-4579-B86F-4D8260FCB681}.Shipping|HTML5.Build.0 = HTML5_Shipping_Game|Win32
		{BF5BC8DD-C069-4579-B86F-4D8260FCB681}.Shipping|IOS.ActiveCfg = IOS_Shipping_Game|Win32
		{BF5BC8DD-C069-4579-B86F-4D8260FCB681}.Shipping|IOS.Build.0 = IOS_Shipping_Game|Win32
		{BF5BC8DD-C069-4579-B86F-4D8260FCB681}.Shipping|Win32.ActiveCfg = Shipping_Game|Win32
		{BF5BC8DD-C069-4579-B86F-4D8260FCB681}.Shipping|Win32.Build.0 = Shipping_Game|Win32
		{BF5BC8DD-C069-4579-B86F-4D8260FCB681}.Shipping|Win64.ActiveCfg = Shipping_Game|x64
		{BF5BC8DD-C069-4579-B86F-4D8260FCB681}.Shipping|Win64.Build.0 = Shipping_Game|x64
	EndGlobalSection
	GlobalSection(SolutionProperties) = preSolution
		HideSolutionNode = FALSE
	EndGlobalSection
	GlobalSection(NestedProjects) = preSolution
		{E5734392-5BCB-4793-9F51-1027D0D52E5F} = {E3D63332-C9E0-43E7-9714-EFDBE0641860}
		{BF5BC8DD-C069-4579-B86F-4D8260FCB681} = {C5E03363-B9EC-4992-951B-56958A4E1BFC}
	EndGlobalSection
	GlobalSection(ExtensibilityGlobals) = postSolution
		SolutionGuid = {CC723B7B-6F36-4B24-B192-91BAB3DF5946}
	EndGlobalSection
EndGlobal
